
Microsoft Visual Studio Solution File, Format Version 12.00
# Visual Studio Version 17
VisualStudioVersion = 17.14.36414.22 d17.14
MinimumVisualStudioVersion = 10.0.40219.1
Project("{FAE04EC0-301F-11D3-BF4B-00C04F79EFBC}") = "PrefijoaGrafikoa", "PrefijoaGrafikoa\PrefijoaGrafikoa.csproj", "{77A679B9-A958-4272-933E-6EFC2B882C72}"
EndProject
Global
	GlobalSection(SolutionConfigurationPlatforms) = preSolution
		Debug|Any CPU = Debug|Any CPU
		Release|Any CPU = Release|Any CPU
	EndGlobalSection
	GlobalSection(ProjectConfigurationPlatforms) = postSolution
		{77A679B9-A958-4272-933E-6EFC2B882C72}.Debug|Any CPU.ActiveCfg = Debug|Any CPU
		{77A679B9-A958-4272-933E-6EFC2B882C72}.Debug|Any CPU.Build.0 = Debug|Any CPU
		{77A679B9-A958-4272-933E-6EFC2B882C72}.Release|Any CPU.ActiveCfg = Release|Any CPU
		{77A679B9-A958-4272-933E-6EFC2B882C72}.Release|Any CPU.Build.0 = Release|Any CPU
	EndGlobalSection
	GlobalSection(SolutionProperties) = preSolution
		HideSolutionNode = FALSE
	EndGlobalSection
	GlobalSection(ExtensibilityGlobals) = postSolution
		SolutionGuid = {BED06610-C934-4819-9CDA-C067E5CFDCA1}
	EndGlobalSection
EndGlobal
